
Microsoft Visual Studio Solution File, Format Version 12.00
# Visual Studio 14
VisualStudioVersion = 14.0.25420.1
MinimumVisualStudioVersion = 10.0.40219.1
Project("{FAE04EC0-301F-11D3-BF4B-00C04F79EFBC}") = "GruposEtareos.BI", "GruposEtareos.BI\GruposEtareos.BI.csproj", "{6B0B4F67-0BEB-4D1C-BBDC-53DBD6A64272}"
EndProject
Project("{FAE04EC0-301F-11D3-BF4B-00C04F79EFBC}") = "GE.App", "GE.App\GE.App.csproj", "{35991E9D-72C4-4E1E-B9A5-EF4948175113}"
EndProject
Global
	GlobalSection(SolutionConfigurationPlatforms) = preSolution
		Debug|Any CPU = Debug|Any CPU
		Release|Any CPU = Release|Any CPU
	EndGlobalSection
	GlobalSection(ProjectConfigurationPlatforms) = postSolution
		{6B0B4F67-0BEB-4D1C-BBDC-53DBD6A64272}.Debug|Any CPU.ActiveCfg = Debug|Any CPU
		{6B0B4F67-0BEB-4D1C-BBDC-53DBD6A64272}.Debug|Any CPU.Build.0 = Debug|Any CPU
		{6B0B4F67-0BEB-4D1C-BBDC-53DBD6A64272}.Release|Any CPU.ActiveCfg = Release|Any CPU
		{6B0B4F67-0BEB-4D1C-BBDC-53DBD6A64272}.Release|Any CPU.Build.0 = Release|Any CPU
		{35991E9D-72C4-4E1E-B9A5-EF4948175113}.Debug|Any CPU.ActiveCfg = Debug|Any CPU
		{35991E9D-72C4-4E1E-B9A5-EF4948175113}.Debug|Any CPU.Build.0 = Debug|Any CPU
		{35991E9D-72C4-4E1E-B9A5-EF4948175113}.Release|Any CPU.ActiveCfg = Release|Any CPU
		{35991E9D-72C4-4E1E-B9A5-EF4948175113}.Release|Any CPU.Build.0 = Release|Any CPU
	EndGlobalSection
	GlobalSection(SolutionProperties) = preSolution
		HideSolutionNode = FALSE
	EndGlobalSection
EndGlobal
